
Microsoft Visual Studio Solution File, Format Version 12.00
# Visual Studio 2013
VisualStudioVersion = 12.0.21005.1
MinimumVisualStudioVersion = 10.0.40219.1
Project("{8BC9CEB8-8B4A-11D0-8D11-00A0C91BC942}") = "人民币转换", "人民币转换\人民币转换.vcxproj", "{42D006B7-E73D-4C62-A2DF-823BBFD0EA61}"
EndProject
Global
	GlobalSection(SolutionConfigurationPlatforms) = preSolution
		Debug|Win32 = Debug|Win32
		Release|Win32 = Release|Win32
	EndGlobalSection
	GlobalSection(ProjectConfigurationPlatforms) = postSolution
		{42D006B7-E73D-4C62-A2DF-823BBFD0EA61}.Debug|Win32.ActiveCfg = Debug|Win32
		{42D006B7-E73D-4C62-A2DF-823BBFD0EA61}.Debug|Win32.Build.0 = Debug|Win32
		{42D006B7-E73D-4C62-A2DF-823BBFD0EA61}.Release|Win32.ActiveCfg = Release|Win32
		{42D006B7-E73D-4C62-A2DF-823BBFD0EA61}.Release|Win32.Build.0 = Release|Win32
	EndGlobalSection
	GlobalSection(SolutionProperties) = preSolution
		HideSolutionNode = FALSE
	EndGlobalSection
EndGlobal
