
Microsoft Visual Studio Solution File, Format Version 12.00
# Visual Studio 2013
VisualStudioVersion = 12.0.21005.1
MinimumVisualStudioVersion = 10.0.40219.1
Project("{8BC9CEB8-8B4A-11D0-8D11-00A0C91BC942}") = "Project26", "Project26\Project26.vcxproj", "{D9CA0DED-5E90-416D-A2AB-2BF43D3BBAB8}"
EndProject
Global
	GlobalSection(SolutionConfigurationPlatforms) = preSolution
		Debug|Win32 = Debug|Win32
		Release|Win32 = Release|Win32
	EndGlobalSection
	GlobalSection(ProjectConfigurationPlatforms) = postSolution
		{D9CA0DED-5E90-416D-A2AB-2BF43D3BBAB8}.Debug|Win32.ActiveCfg = Debug|Win32
		{D9CA0DED-5E90-416D-A2AB-2BF43D3BBAB8}.Debug|Win32.Build.0 = Debug|Win32
		{D9CA0DED-5E90-416D-A2AB-2BF43D3BBAB8}.Release|Win32.ActiveCfg = Release|Win32
		{D9CA0DED-5E90-416D-A2AB-2BF43D3BBAB8}.Release|Win32.Build.0 = Release|Win32
	EndGlobalSection
	GlobalSection(SolutionProperties) = preSolution
		HideSolutionNode = FALSE
	EndGlobalSection
EndGlobal
