
Microsoft Visual Studio Solution File, Format Version 12.00
# Visual Studio 2013
VisualStudioVersion = 12.0.21005.1
MinimumVisualStudioVersion = 10.0.40219.1
Project("{8BC9CEB8-8B4A-11D0-8D11-00A0C91BC942}") = "Project63", "Project63\Project63.vcxproj", "{B279D4E8-4606-422D-B92C-17E489158902}"
EndProject
Global
	GlobalSection(SolutionConfigurationPlatforms) = preSolution
		Debug|Win32 = Debug|Win32
		Release|Win32 = Release|Win32
	EndGlobalSection
	GlobalSection(ProjectConfigurationPlatforms) = postSolution
		{B279D4E8-4606-422D-B92C-17E489158902}.Debug|Win32.ActiveCfg = Debug|Win32
		{B279D4E8-4606-422D-B92C-17E489158902}.Debug|Win32.Build.0 = Debug|Win32
		{B279D4E8-4606-422D-B92C-17E489158902}.Release|Win32.ActiveCfg = Release|Win32
		{B279D4E8-4606-422D-B92C-17E489158902}.Release|Win32.Build.0 = Release|Win32
	EndGlobalSection
	GlobalSection(SolutionProperties) = preSolution
		HideSolutionNode = FALSE
	EndGlobalSection
EndGlobal
