
Microsoft Visual Studio Solution File, Format Version 12.00
# Visual Studio 2013
VisualStudioVersion = 12.0.21005.1
MinimumVisualStudioVersion = 10.0.40219.1
Project("{8BC9CEB8-8B4A-11D0-8D11-00A0C91BC942}") = "Project73", "Project73\Project73.vcxproj", "{DEE78F0F-C1F5-4F6C-B44D-1D12F2F65FC9}"
EndProject
Global
	GlobalSection(SolutionConfigurationPlatforms) = preSolution
		Debug|Win32 = Debug|Win32
		Release|Win32 = Release|Win32
	EndGlobalSection
	GlobalSection(ProjectConfigurationPlatforms) = postSolution
		{DEE78F0F-C1F5-4F6C-B44D-1D12F2F65FC9}.Debug|Win32.ActiveCfg = Debug|Win32
		{DEE78F0F-C1F5-4F6C-B44D-1D12F2F65FC9}.Debug|Win32.Build.0 = Debug|Win32
		{DEE78F0F-C1F5-4F6C-B44D-1D12F2F65FC9}.Release|Win32.ActiveCfg = Release|Win32
		{DEE78F0F-C1F5-4F6C-B44D-1D12F2F65FC9}.Release|Win32.Build.0 = Release|Win32
	EndGlobalSection
	GlobalSection(SolutionProperties) = preSolution
		HideSolutionNode = FALSE
	EndGlobalSection
EndGlobal
